
Microsoft Visual Studio Solution File, Format Version 12.00
# Visual Studio Version 17
VisualStudioVersion = 17.9.34607.119
MinimumVisualStudioVersion = 10.0.40219.1
Project("{FAE04EC0-301F-11D3-BF4B-00C04F79EFBC}") = "Purchase of books", "Purchase of books\Purchase of books.csproj", "{8FAD7F3D-866A-4867-A701-EA66C82D618A}"
EndProject
Global
	GlobalSection(SolutionConfigurationPlatforms) = preSolution
		Debug|Any CPU = Debug|Any CPU
		Release|Any CPU = Release|Any CPU
	EndGlobalSection
	GlobalSection(ProjectConfigurationPlatforms) = postSolution
		{8FAD7F3D-866A-4867-A701-EA66C82D618A}.Debug|Any CPU.ActiveCfg = Debug|Any CPU
		{8FAD7F3D-866A-4867-A701-EA66C82D618A}.Debug|Any CPU.Build.0 = Debug|Any CPU
		{8FAD7F3D-866A-4867-A701-EA66C82D618A}.Release|Any CPU.ActiveCfg = Release|Any CPU
		{8FAD7F3D-866A-4867-A701-EA66C82D618A}.Release|Any CPU.Build.0 = Release|Any CPU
	EndGlobalSection
	GlobalSection(SolutionProperties) = preSolution
		HideSolutionNode = FALSE
	EndGlobalSection
	GlobalSection(ExtensibilityGlobals) = postSolution
		SolutionGuid = {B1DBC51E-13FE-4EC5-8C8C-8E2F62138F7F}
	EndGlobalSection
EndGlobal
